Microsoft Visual Studio Solution File, Format Version 11.00
# Visual Studio 2008

Project("{2AE209F8-531B-F623-0913-E5AAADB2051D}") = "Computing-Revision-Game", "Assembly-CSharp.csproj", "{57629D85-A656-85F6-F482-294D38FF3766}"
EndProject
Global
	GlobalSection(SolutionConfigurationPlatforms) = preSolution
		Debug|Any CPU = Debug|Any CPU
		Release|Any CPU = Release|Any CPU
	EndGlobalSection
	GlobalSection(ProjectConfigurationPlatforms) = postSolution
		{57629D85-A656-85F6-F482-294D38FF3766}.Debug|Any CPU.ActiveCfg = Debug|Any CPU
		{57629D85-A656-85F6-F482-294D38FF3766}.Debug|Any CPU.Build.0 = Debug|Any CPU
		{57629D85-A656-85F6-F482-294D38FF3766}.Release|Any CPU.ActiveCfg = Release|Any CPU
		{57629D85-A656-85F6-F482-294D38FF3766}.Release|Any CPU.Build.0 = Release|Any CPU
	EndGlobalSection
	GlobalSection(SolutionProperties) = preSolution
		HideSolutionNode = FALSE
	EndGlobalSection
	GlobalSection(MonoDevelopProperties) = preSolution
		StartupItem = Assembly-CSharp.csproj
	EndGlobalSection
EndGlobal
